
Microsoft Visual Studio Solution File, Format Version 12.00
# Visual Studio Version 17
VisualStudioVersion = 17.5.33516.290
MinimumVisualStudioVersion = 10.0.40219.1
Project("{FAE04EC0-301F-11D3-BF4B-00C04F79EFBC}") = "CalculosMVC", "CalculosMVC\CalculosMVC.csproj", "{8523BBF7-ED48-497D-9F8B-61DA9337ADF3}"
EndProject
Project("{FAE04EC0-301F-11D3-BF4B-00C04F79EFBC}") = "DAL", "DAL\DAL.csproj", "{C8B634BF-64BF-4D7E-B3E6-685B34E05455}"
EndProject
Project("{FAE04EC0-301F-11D3-BF4B-00C04F79EFBC}") = "BL", "BL\BL.csproj", "{605E1ADA-C03C-4C95-BEAD-F1E94A3DF369}"
EndProject
Global
	GlobalSection(SolutionConfigurationPlatforms) = preSolution
		Debug|Any CPU = Debug|Any CPU
		Release|Any CPU = Release|Any CPU
	EndGlobalSection
	GlobalSection(ProjectConfigurationPlatforms) = postSolution
		{8523BBF7-ED48-497D-9F8B-61DA9337ADF3}.Debug|Any CPU.ActiveCfg = Debug|Any CPU
		{8523BBF7-ED48-497D-9F8B-61DA9337ADF3}.Debug|Any CPU.Build.0 = Debug|Any CPU
		{8523BBF7-ED48-497D-9F8B-61DA9337ADF3}.Release|Any CPU.ActiveCfg = Release|Any CPU
		{8523BBF7-ED48-497D-9F8B-61DA9337ADF3}.Release|Any CPU.Build.0 = Release|Any CPU
		{C8B634BF-64BF-4D7E-B3E6-685B34E05455}.Debug|Any CPU.ActiveCfg = Debug|Any CPU
		{C8B634BF-64BF-4D7E-B3E6-685B34E05455}.Debug|Any CPU.Build.0 = Debug|Any CPU
		{C8B634BF-64BF-4D7E-B3E6-685B34E05455}.Release|Any CPU.ActiveCfg = Release|Any CPU
		{C8B634BF-64BF-4D7E-B3E6-685B34E05455}.Release|Any CPU.Build.0 = Release|Any CPU
		{605E1ADA-C03C-4C95-BEAD-F1E94A3DF369}.Debug|Any CPU.ActiveCfg = Debug|Any CPU
		{605E1ADA-C03C-4C95-BEAD-F1E94A3DF369}.Debug|Any CPU.Build.0 = Debug|Any CPU
		{605E1ADA-C03C-4C95-BEAD-F1E94A3DF369}.Release|Any CPU.ActiveCfg = Release|Any CPU
		{605E1ADA-C03C-4C95-BEAD-F1E94A3DF369}.Release|Any CPU.Build.0 = Release|Any CPU
	EndGlobalSection
	GlobalSection(SolutionProperties) = preSolution
		HideSolutionNode = FALSE
	EndGlobalSection
	GlobalSection(ExtensibilityGlobals) = postSolution
		SolutionGuid = {F18BF1D6-B1D8-45B4-BBEB-3564A285B65F}
	EndGlobalSection
EndGlobal
